
Microsoft Visual Studio Solution File, Format Version 11.00
# Visual Studio 2010
Project("{FAE04EC0-301F-11D3-BF4B-00C04F79EFBC}") = "TwitterAuth", "TwitterAuth\TwitterAuth.csproj", "{A9FB4C0D-96D3-4DC4-B0C2-F4C62CCA6DA2}"
EndProject
Project("{FAE04EC0-301F-11D3-BF4B-00C04F79EFBC}") = "TwitterAuthTests", "TwitterAuthTests\TwitterAuthTests.csproj", "{8388AFA2-C71E-4D85-9AE7-E9741D31C599}"
EndProject
Project("{FAE04EC0-301F-11D3-BF4B-00C04F79EFBC}") = "sample", "sample\sample\sample.csproj", "{3C4474F0-B073-4B33-97F2-1FB321686CE3}"
EndProject
Project("{2150E333-8FDC-42A3-9474-1A3956D46DE8}") = "Example", "Example", "{34C3AD64-9068-468C-8BCC-404AF5102947}"
EndProject
Global
	GlobalSection(SolutionConfigurationPlatforms) = preSolution
		Debug|Any CPU = Debug|Any CPU
		Release|Any CPU = Release|Any CPU
	EndGlobalSection
	GlobalSection(ProjectConfigurationPlatforms) = postSolution
		{A9FB4C0D-96D3-4DC4-B0C2-F4C62CCA6DA2}.Debug|Any CPU.ActiveCfg = Debug|Any CPU
		{A9FB4C0D-96D3-4DC4-B0C2-F4C62CCA6DA2}.Debug|Any CPU.Build.0 = Debug|Any CPU
		{A9FB4C0D-96D3-4DC4-B0C2-F4C62CCA6DA2}.Release|Any CPU.ActiveCfg = Release|Any CPU
		{A9FB4C0D-96D3-4DC4-B0C2-F4C62CCA6DA2}.Release|Any CPU.Build.0 = Release|Any CPU
		{8388AFA2-C71E-4D85-9AE7-E9741D31C599}.Debug|Any CPU.ActiveCfg = Debug|Any CPU
		{8388AFA2-C71E-4D85-9AE7-E9741D31C599}.Debug|Any CPU.Build.0 = Debug|Any CPU
		{8388AFA2-C71E-4D85-9AE7-E9741D31C599}.Release|Any CPU.ActiveCfg = Release|Any CPU
		{8388AFA2-C71E-4D85-9AE7-E9741D31C599}.Release|Any CPU.Build.0 = Release|Any CPU
		{3C4474F0-B073-4B33-97F2-1FB321686CE3}.Debug|Any CPU.ActiveCfg = Debug|Any CPU
		{3C4474F0-B073-4B33-97F2-1FB321686CE3}.Debug|Any CPU.Build.0 = Debug|Any CPU
		{3C4474F0-B073-4B33-97F2-1FB321686CE3}.Release|Any CPU.ActiveCfg = Release|Any CPU
		{3C4474F0-B073-4B33-97F2-1FB321686CE3}.Release|Any CPU.Build.0 = Release|Any CPU
	EndGlobalSection
	GlobalSection(SolutionProperties) = preSolution
		HideSolutionNode = FALSE
	EndGlobalSection
	GlobalSection(NestedProjects) = preSolution
		{3C4474F0-B073-4B33-97F2-1FB321686CE3} = {34C3AD64-9068-468C-8BCC-404AF5102947}
	EndGlobalSection
EndGlobal
